// !$*UTF8*$!
{
	archiveVersion = 1;
	classes = {
	};
	objectVersion = 39;
	objects = {
		014CEA520018CE5811CA2923 = {
			buildSettings = {
				COPY_PHASE_STRIP = NO;
				GCC_DYNAMIC_NO_PIC = NO;
				GCC_ENABLE_FIX_AND_CONTINUE = YES;
				GCC_GENERATE_DEBUGGING_SYMBOLS = YES;
				GCC_OPTIMIZATION_LEVEL = 0;
				OPTIMIZATION_CFLAGS = "-O0";
				ZERO_LINK = YES;
			};
			isa = PBXBuildStyle;
			name = Development;
		};
		014CEA530018CE5811CA2923 = {
			buildSettings = {
				COPY_PHASE_STRIP = YES;
				GCC_ENABLE_FIX_AND_CONTINUE = NO;
				ZERO_LINK = NO;
			};
			isa = PBXBuildStyle;
			name = Deployment;
		};
//010
//011
//012
//013
//014
//080
//081
//082
//083
//084
		08FB7793FE84155DC02AAC07 = {
			buildSettings = {
			};
			buildStyles = (
				014CEA520018CE5811CA2923,
				014CEA530018CE5811CA2923,
			);
			hasScannedForEncodings = 1;
			isa = PBXProject;
			mainGroup = 08FB7794FE84155DC02AAC07;
			projectDirPath = "";
			targets = (
				FE17130B0866740F00B0F08D,
				FE17131D0866740F00B0F08D,
			);
		};
		08FB7794FE84155DC02AAC07 = {
			children = (
				08FB7795FE84155DC02AAC07,
				C6A0FF2B0290797F04C91782,
				1AB674ADFE9D54B511CA2CBB,
				FE17132D0866740F00B0F08D,
			);
			isa = PBXGroup;
			name = carnival;
			refType = 4;
			sourceTree = "<group>";
		};
		08FB7795FE84155DC02AAC07 = {
			children = (
				FE857E2F0465815D00000102,
				FE857E300465815D00000102,
				FE857E310465815D00000102,
				FE857E320465815D00000102,
				FE857E330465815D00000102,
				FE857E340465815D00000102,
				FE857E350465815D00000102,
				FE857E360465815D00000102,
				FE857E370465815D00000102,
				FE857E410465826700000102,
			);
			isa = PBXGroup;
			name = Source;
			refType = 4;
			sourceTree = "<group>";
		};
//080
//081
//082
//083
//084
//1A0
//1A1
//1A2
//1A3
//1A4
		1AB674ADFE9D54B511CA2CBB = {
			children = (
				FE17131B0866740F00B0F08D,
				FE17132E0866740F00B0F08D,
			);
			isa = PBXGroup;
			name = Products;
			refType = 4;
			sourceTree = "<group>";
		};
//1A0
//1A1
//1A2
//1A3
//1A4
//C60
//C61
//C62
//C63
//C64
		C6A0FF2B0290797F04C91782 = {
			children = (
				FED826AC046EFBFC00000102,
			);
			isa = PBXGroup;
			name = Documentation;
			refType = 4;
			sourceTree = "<group>";
		};
//C60
//C61
//C62
//C63
//C64
//FE0
//FE1
//FE2
//FE3
//FE4
		FE17130B0866740F00B0F08D = {
			buildPhases = (
				FE17130C0866740F00B0F08D,
				FE1713110866740F00B0F08D,
				FE1713170866740F00B0F08D,
				FE1713190866740F00B0F08D,
				FE17131A0866740F00B0F08D,
			);
			buildRules = (
			);
			buildSettings = {
				FRAMEWORK_SEARCH_PATHS = "";
				HEADER_SEARCH_PATHS = "";
				LIBRARY_SEARCH_PATHS = "\"$(SYSTEM_LIBRARY_DIR)/Frameworks/OpenGL.framework/Versions/A/Libraries\"";
				OTHER_CFLAGS = "";
				OTHER_LDFLAGS = "-lGL -lGLU -lobjc";
				OTHER_REZFLAGS = "";
				PRODUCT_NAME = carnival;
				REZ_EXECUTABLE = YES;
				SECTORDER_FLAGS = "";
				WARNING_CFLAGS = "-Wmost -Wno-four-char-constants -Wno-unknown-pragmas";
			};
			dependencies = (
			);
			isa = PBXNativeTarget;
			name = carnival_tool;
			productName = carnival;
			productReference = FE17131B0866740F00B0F08D;
			productType = "com.apple.product-type.tool";
		};
		FE17130C0866740F00B0F08D = {
			buildActionMask = 2147483647;
			files = (
				FE17130D0866740F00B0F08D,
				FE17130E0866740F00B0F08D,
				FE17130F0866740F00B0F08D,
				FE1713100866740F00B0F08D,
			);
			isa = PBXHeadersBuildPhase;
			runOnlyForDeploymentPostprocessing = 0;
		};
		FE17130D0866740F00B0F08D = {
			fileRef = FE857E300465815D00000102;
			isa = PBXBuildFile;
			settings = {
			};
		};
		FE17130E0866740F00B0F08D = {
			fileRef = FE857E320465815D00000102;
			isa = PBXBuildFile;
			settings = {
			};
		};
		FE17130F0866740F00B0F08D = {
			fileRef = FE857E340465815D00000102;
			isa = PBXBuildFile;
			settings = {
			};
		};
		FE1713100866740F00B0F08D = {
			fileRef = FE857E370465815D00000102;
			isa = PBXBuildFile;
			settings = {
			};
		};
		FE1713110866740F00B0F08D = {
			buildActionMask = 2147483647;
			files = (
				FE1713120866740F00B0F08D,
				FE1713130866740F00B0F08D,
				FE1713140866740F00B0F08D,
				FE1713150866740F00B0F08D,
				FE1713160866740F00B0F08D,
			);
			isa = PBXSourcesBuildPhase;
			runOnlyForDeploymentPostprocessing = 0;
		};
		FE1713120866740F00B0F08D = {
			fileRef = FE857E2F0465815D00000102;
			isa = PBXBuildFile;
			settings = {
			};
		};
		FE1713130866740F00B0F08D = {
			fileRef = FE857E310465815D00000102;
			isa = PBXBuildFile;
			settings = {
			};
		};
		FE1713140866740F00B0F08D = {
			fileRef = FE857E330465815D00000102;
			isa = PBXBuildFile;
			settings = {
			};
		};
		FE1713150866740F00B0F08D = {
			fileRef = FE857E350465815D00000102;
			isa = PBXBuildFile;
			settings = {
			};
		};
		FE1713160866740F00B0F08D = {
			fileRef = FE857E360465815D00000102;
			isa = PBXBuildFile;
			settings = {
			};
		};
		FE1713170866740F00B0F08D = {
			buildActionMask = 2147483647;
			files = (
				FE1713180866740F00B0F08D,
			);
			isa = PBXFrameworksBuildPhase;
			runOnlyForDeploymentPostprocessing = 0;
		};
		FE1713180866740F00B0F08D = {
			fileRef = FE857E410465826700000102;
			isa = PBXBuildFile;
			settings = {
			};
		};
		FE1713190866740F00B0F08D = {
			buildActionMask = 2147483647;
			files = (
			);
			isa = PBXRezBuildPhase;
			runOnlyForDeploymentPostprocessing = 0;
		};
		FE17131A0866740F00B0F08D = {
			buildActionMask = 8;
			dstPath = /usr/share/man/man1/;
			dstSubfolderSpec = 0;
			files = (
			);
			isa = PBXCopyFilesBuildPhase;
			runOnlyForDeploymentPostprocessing = 1;
		};
		FE17131B0866740F00B0F08D = {
			explicitFileType = "compiled.mach-o.executable";
			includeInIndex = 0;
			isa = PBXFileReference;
			name = carnival;
			path = build/carnival;
			refType = 4;
			sourceTree = "<group>";
		};
		FE17131D0866740F00B0F08D = {
			buildPhases = (
				FE17131E0866740F00B0F08D,
				FE1713230866740F00B0F08D,
				FE1713240866740F00B0F08D,
				FE17132A0866740F00B0F08D,
				FE17132C0866740F00B0F08D,
			);
			buildRules = (
			);
			buildSettings = {
				GCC_GENERATE_DEBUGGING_SYMBOLS = NO;
				INFOPLIST_FILE = "Info-carnival__Upgraded_.plist";
				LIBRARY_SEARCH_PATHS = "\"$(SYSTEM_LIBRARY_DIR)/Frameworks/OpenGL.framework/Libraries\"";
				OTHER_CFLAGS = "";
				OTHER_LDFLAGS = "-lGL -lGLU -lobjc";
				OTHER_REZFLAGS = "";
				PRODUCT_NAME = carnival;
				SECTORDER_FLAGS = "";
				WARNING_CFLAGS = "-Wmost -Wno-four-char-constants -Wno-unknown-pragmas";
				WRAPPER_EXTENSION = app;
			};
			dependencies = (
			);
			isa = PBXNativeTarget;
			name = carnival;
			productInstallPath = "$(USER_APPS_DIR)";
			productName = carnival;
			productReference = FE17132E0866740F00B0F08D;
			productType = "com.apple.product-type.application";
		};
		FE17131E0866740F00B0F08D = {
			buildActionMask = 2147483647;
			files = (
				FE17131F0866740F00B0F08D,
				FE1713200866740F00B0F08D,
				FE1713210866740F00B0F08D,
				FE1713220866740F00B0F08D,
			);
			isa = PBXHeadersBuildPhase;
			runOnlyForDeploymentPostprocessing = 0;
		};
		FE17131F0866740F00B0F08D = {
			fileRef = FE857E300465815D00000102;
			isa = PBXBuildFile;
			settings = {
			};
		};
		FE1713200866740F00B0F08D = {
			fileRef = FE857E320465815D00000102;
			isa = PBXBuildFile;
			settings = {
			};
		};
		FE1713210866740F00B0F08D = {
			fileRef = FE857E340465815D00000102;
			isa = PBXBuildFile;
			settings = {
			};
		};
		FE1713220866740F00B0F08D = {
			fileRef = FE857E370465815D00000102;
			isa = PBXBuildFile;
			settings = {
			};
		};
		FE1713230866740F00B0F08D = {
			buildActionMask = 2147483647;
			files = (
			);
			isa = PBXResourcesBuildPhase;
			runOnlyForDeploymentPostprocessing = 0;
		};
		FE1713240866740F00B0F08D = {
			buildActionMask = 2147483647;
			files = (
				FE1713250866740F00B0F08D,
				FE1713260866740F00B0F08D,
				FE1713270866740F00B0F08D,
				FE1713280866740F00B0F08D,
				FE1713290866740F00B0F08D,
			);
			isa = PBXSourcesBuildPhase;
			runOnlyForDeploymentPostprocessing = 0;
		};
		FE1713250866740F00B0F08D = {
			fileRef = FE857E2F0465815D00000102;
			isa = PBXBuildFile;
			settings = {
			};
		};
		FE1713260866740F00B0F08D = {
			fileRef = FE857E310465815D00000102;
			isa = PBXBuildFile;
			settings = {
			};
		};
		FE1713270866740F00B0F08D = {
			fileRef = FE857E330465815D00000102;
			isa = PBXBuildFile;
			settings = {
			};
		};
		FE1713280866740F00B0F08D = {
			fileRef = FE857E350465815D00000102;
			isa = PBXBuildFile;
			settings = {
			};
		};
		FE1713290866740F00B0F08D = {
			fileRef = FE857E360465815D00000102;
			isa = PBXBuildFile;
			settings = {
			};
		};
		FE17132A0866740F00B0F08D = {
			buildActionMask = 2147483647;
			files = (
				FE17132B0866740F00B0F08D,
			);
			isa = PBXFrameworksBuildPhase;
			runOnlyForDeploymentPostprocessing = 0;
		};
		FE17132B0866740F00B0F08D = {
			fileRef = FE857E410465826700000102;
			isa = PBXBuildFile;
			settings = {
			};
		};
		FE17132C0866740F00B0F08D = {
			buildActionMask = 2147483647;
			files = (
			);
			isa = PBXRezBuildPhase;
			runOnlyForDeploymentPostprocessing = 0;
		};
		FE17132D0866740F00B0F08D = {
			isa = PBXFileReference;
			lastKnownFileType = text.xml;
			path = "Info-carnival__Upgraded_.plist";
			refType = 4;
			sourceTree = "<group>";
		};
		FE17132E0866740F00B0F08D = {
			explicitFileType = wrapper.application;
			includeInIndex = 0;
			isa = PBXFileReference;
			name = carnival.app;
			path = build/carnival.app;
			refType = 4;
			sourceTree = "<group>";
		};
		FE857E2F0465815D00000102 = {
			fileEncoding = 30;
			isa = PBXFileReference;
			lastKnownFileType = sourcecode.c.c;
			path = carnival.c;
			refType = 4;
			sourceTree = "<group>";
		};
		FE857E300465815D00000102 = {
			fileEncoding = 30;
			isa = PBXFileReference;
			lastKnownFileType = sourcecode.c.h;
			path = carnival.h;
			refType = 4;
			sourceTree = "<group>";
		};
		FE857E310465815D00000102 = {
			fileEncoding = 30;
			isa = PBXFileReference;
			lastKnownFileType = sourcecode.c.c;
			path = coaster.c;
			refType = 4;
			sourceTree = "<group>";
		};
		FE857E320465815D00000102 = {
			fileEncoding = 30;
			isa = PBXFileReference;
			lastKnownFileType = sourcecode.c.h;
			path = coaster.h;
			refType = 4;
			sourceTree = "<group>";
		};
		FE857E330465815D00000102 = {
			fileEncoding = 30;
			isa = PBXFileReference;
			lastKnownFileType = sourcecode.c.c;
			path = ferris.c;
			refType = 4;
			sourceTree = "<group>";
		};
		FE857E340465815D00000102 = {
			fileEncoding = 30;
			isa = PBXFileReference;
			lastKnownFileType = sourcecode.c.h;
			path = ferris.h;
			refType = 4;
			sourceTree = "<group>";
		};
		FE857E350465815D00000102 = {
			fileEncoding = 30;
			isa = PBXFileReference;
			lastKnownFileType = sourcecode.c.c;
			path = main.c;
			refType = 4;
			sourceTree = "<group>";
		};
		FE857E360465815D00000102 = {
			fileEncoding = 30;
			isa = PBXFileReference;
			lastKnownFileType = sourcecode.c.c;
			path = tent.c;
			refType = 4;
			sourceTree = "<group>";
		};
		FE857E370465815D00000102 = {
			fileEncoding = 30;
			isa = PBXFileReference;
			lastKnownFileType = sourcecode.c.h;
			path = tent.h;
			refType = 4;
			sourceTree = "<group>";
		};
		FE857E410465826700000102 = {
			isa = PBXFileReference;
			lastKnownFileType = wrapper.framework;
			name = GLUT.framework;
			path = /System/Library/Frameworks/GLUT.framework;
			refType = 0;
			sourceTree = "<absolute>";
		};
		FED826AC046EFBFC00000102 = {
			fileEncoding = 4;
			isa = PBXFileReference;
			lastKnownFileType = text;
			path = Read_Me.txt;
			refType = 4;
			sourceTree = "<group>";
		};
	};
	rootObject = 08FB7793FE84155DC02AAC07;
}
